{
  "version": 4,
  "terraform_version": "1.0.4",
  "serial": 34,
  "lineage": "5b2c1ddb-04c0-92d8-6eeb-3c133e14a077",
  "outputs": {},
  "resources": [
    {
      "mode": "managed",
      "type": "azurerm_cosmosdb_account",
      "name": "db",
      "provider": "provider[\"registry.terraform.io/hashicorp/azurerm\"]",
      "instances": [
        {
          "schema_version": 0,
          "attributes": {
            "access_key_metadata_writes_enabled": true,
            "analytical_storage_enabled": false,
            "backup": [
              {
                "interval_in_minutes": 240,
                "retention_in_hours": 8,
                "type": "Periodic"
              }
            ],
            "capabilities": [
              {
                "name": "EnableAggregationPipeline"
              },
              {
                "name": "MongoDBv3.4"
              },
              {
                "name": "mongoEnableDocLevelTTL"
              }
            ],
            "connection_strings": [
              "AccountEndpoint=https://dotnet-cosmos-db-32093.documents.azure.com:443/;AccountKey=xGK2QzmG793SETFz0PhTNcImANKSeMV9lDkACTNaR5ojIk47NUgh3BhaWbbC0gpAKCnciCtEWv2Xz6jQ0fwjPg==;",
              "AccountEndpoint=https://dotnet-cosmos-db-32093.documents.azure.com:443/;AccountKey=j7648qFzwKoR5rEm848ERDxADDZYJR34yGZNeiTXtpgN8xdgY4sY2BBNIMENpzrkPVKAevtoiD25LjQc0BLXJg==;",
              "AccountEndpoint=https://dotnet-cosmos-db-32093.documents.azure.com:443/;AccountKey=9652LUtEoLkxHod0QHOQDRpOajMcyBYza4CJzvtaYvbMoUSJBkMgTBpUSvaITvmVgUu8NCP1W5YQRER5LOc57A==;",
              "AccountEndpoint=https://dotnet-cosmos-db-32093.documents.azure.com:443/;AccountKey=viIeMcdsvnrzPB5u1viZFJcCiSDnaHLuRFeHcGUd3PwCJYi0aK2eHrris777nM9EwKG30973ck6HNPa3C7pMgA==;"
            ],
            "consistency_policy": [
              {
                "consistency_level": "BoundedStaleness",
                "max_interval_in_seconds": 10,
                "max_staleness_prefix": 200
              }
            ],
            "cors_rule": [],
            "enable_automatic_failover": true,
            "enable_free_tier": false,
            "enable_multiple_write_locations": false,
            "endpoint": "https://dotnet-cosmos-db-32093.documents.azure.com:443/",
            "geo_location": [
              {
                "failover_priority": 0,
                "id": "dotnet-cosmos-db-32093-centralus",
                "location": "centralus",
                "prefix": "",
                "zone_redundant": false
              }
            ],
            "id": "/subscriptions/8f0c4d6f-9f61-4330-a944-a9f6734a139d/resourceGroups/dotnet_azure-practices/providers/Microsoft.DocumentDB/databaseAccounts/dotnet-cosmos-db-32093",
            "identity": [],
            "ip_range_filter": "",
            "is_virtual_network_filter_enabled": false,
            "key_vault_key_id": null,
            "kind": "GlobalDocumentDB",
            "location": "centralus",
            "mongo_server_version": null,
            "name": "dotnet-cosmos-db-32093",
            "network_acl_bypass_for_azure_services": false,
            "network_acl_bypass_ids": null,
            "offer_type": "Standard",
            "primary_key": "xGK2QzmG793SETFz0PhTNcImANKSeMV9lDkACTNaR5ojIk47NUgh3BhaWbbC0gpAKCnciCtEWv2Xz6jQ0fwjPg==",
            "primary_master_key": "xGK2QzmG793SETFz0PhTNcImANKSeMV9lDkACTNaR5ojIk47NUgh3BhaWbbC0gpAKCnciCtEWv2Xz6jQ0fwjPg==",
            "primary_readonly_key": "9652LUtEoLkxHod0QHOQDRpOajMcyBYza4CJzvtaYvbMoUSJBkMgTBpUSvaITvmVgUu8NCP1W5YQRER5LOc57A==",
            "primary_readonly_master_key": "9652LUtEoLkxHod0QHOQDRpOajMcyBYza4CJzvtaYvbMoUSJBkMgTBpUSvaITvmVgUu8NCP1W5YQRER5LOc57A==",
            "public_network_access_enabled": true,
            "read_endpoints": [
              "https://dotnet-cosmos-db-32093-centralus.documents.azure.com:443/"
            ],
            "resource_group_name": "dotnet_azure-practices",
            "secondary_key": "j7648qFzwKoR5rEm848ERDxADDZYJR34yGZNeiTXtpgN8xdgY4sY2BBNIMENpzrkPVKAevtoiD25LjQc0BLXJg==",
            "secondary_master_key": "j7648qFzwKoR5rEm848ERDxADDZYJR34yGZNeiTXtpgN8xdgY4sY2BBNIMENpzrkPVKAevtoiD25LjQc0BLXJg==",
            "secondary_readonly_key": "viIeMcdsvnrzPB5u1viZFJcCiSDnaHLuRFeHcGUd3PwCJYi0aK2eHrris777nM9EwKG30973ck6HNPa3C7pMgA==",
            "secondary_readonly_master_key": "viIeMcdsvnrzPB5u1viZFJcCiSDnaHLuRFeHcGUd3PwCJYi0aK2eHrris777nM9EwKG30973ck6HNPa3C7pMgA==",
            "tags": null,
            "timeouts": null,
            "virtual_network_rule": [],
            "write_endpoints": [
              "https://dotnet-cosmos-db-32093-centralus.documents.azure.com:443/"
            ]
          },
          "sensitive_attributes": [],
          "private": "eyJlMmJmYjczMC1lY2FhLTExZTYtOGY4OC0zNDM2M2JjN2M0YzAiOnsiY3JlYXRlIjoxMDgwMDAwMDAwMDAwMCwiZGVsZXRlIjoxMDgwMDAwMDAwMDAwMCwicmVhZCI6MzAwMDAwMDAwMDAwLCJ1cGRhdGUiOjEwODAwMDAwMDAwMDAwfX0=",
          "dependencies": [
            "azurerm_resource_group.rg",
            "random_integer.ri"
          ]
        }
      ]
    },
    {
      "mode": "managed",
      "type": "azurerm_resource_group",
      "name": "rg",
      "provider": "provider[\"registry.terraform.io/hashicorp/azurerm\"]",
      "instances": [
        {
          "schema_version": 0,
          "attributes": {
            "id": "/subscriptions/8f0c4d6f-9f61-4330-a944-a9f6734a139d/resourceGroups/dotnet_azure-practices",
            "location": "centralus",
            "name": "dotnet_azure-practices",
            "tags": null,
            "timeouts": null
          },
          "sensitive_attributes": [],
          "private": "eyJlMmJmYjczMC1lY2FhLTExZTYtOGY4OC0zNDM2M2JjN2M0YzAiOnsiY3JlYXRlIjo1NDAwMDAwMDAwMDAwLCJkZWxldGUiOjU0MDAwMDAwMDAwMDAsInJlYWQiOjMwMDAwMDAwMDAwMCwidXBkYXRlIjo1NDAwMDAwMDAwMDAwfX0="
        }
      ]
    },
    {
      "mode": "managed",
      "type": "random_integer",
      "name": "ri",
      "provider": "provider[\"registry.terraform.io/hashicorp/random\"]",
      "instances": [
        {
          "schema_version": 0,
          "attributes": {
            "id": "32093",
            "keepers": null,
            "max": 99999,
            "min": 10000,
            "result": 32093,
            "seed": null
          },
          "sensitive_attributes": [],
          "private": "bnVsbA=="
        }
      ]
    }
  ]
}
